<?xml version="1.0" encoding="utf-8"?>
<Project ToolsVersion="4.0" xmlns="http://schemas.microsoft.com/developer/msbuild/2003">
  <ItemGroup>
    <Filter Include="Resources">
      <UniqueIdentifier>e0048b94-ab9a-419b-8794-c31ad0422188</UniqueIdentifier>
      <Extensions>rc;ico;cur;bmp;dlg;rc2;rct;bin;rgs;gif;jpg;jpeg;jpe;resx;tiff;tif;png;wav;mfcribbon-ms</Extensions>
    </Filter>
    <Filter Include="Subjects">
      <UniqueIdentifier>{67ff26bb-557a-41ed-8250-f8f47e6122eb}</UniqueIdentifier>
    </Filter>
    <Filter Include="Common">
      <UniqueIdentifier>{dbda4698-d4e7-498f-9f05-eec97738e2c8}</UniqueIdentifier>
    </Filter>
    <Filter Include="Multi">
      <UniqueIdentifier>{1cc9898f-471d-4933-ad1e-831a52a73ea9}</UniqueIdentifier>
    </Filter>
    <Filter Include="Single">
      <UniqueIdentifier>{56516cdc-efa0-4adf-b296-7c7d8cc56087}</UniqueIdentifier>
    </Filter>
  </ItemGroup>
  <ItemGroup>
    <ClCompile Include="pch.cpp" />
    <ClCompile Include="Subject.cpp">
      <Filter>Subjects</Filter>
    </ClCompile>
    <ClCompile Include="SubjectGraph.cpp">
      <Filter>Subjects</Filter>
    </ClCompile>
    <ClCompile Include="CompareGraph.cpp">
      <Filter>Single</Filter>
    </ClCompile>
    <ClCompile Include="SingleDatatypeCompare.cpp">
      <Filter>Single</Filter>
    </ClCompile>
    <ClCompile Include="BindableBase.cpp">
      <Filter>Common</Filter>
    </ClCompile>
    <ClCompile Include="MultiDatatypeCompare.cpp">
      <Filter>Multi</Filter>
    </ClCompile>
  </ItemGroup>
  <ItemGroup>
    <ClInclude Include="pch.h" />
    <ClInclude Include="Subject.h">
      <Filter>Subjects</Filter>
    </ClInclude>
    <ClInclude Include="GraphLookup.h">
      <Filter>Single</Filter>
    </ClInclude>
    <ClInclude Include="SubjectGraph.h">
      <Filter>Subjects</Filter>
    </ClInclude>
    <ClInclude Include="CompareGraph.h">
      <Filter>Single</Filter>
    </ClInclude>
    <ClInclude Include="SingleDatatypeCompare.h">
      <Filter>Single</Filter>
    </ClInclude>
    <ClInclude Include="SubjectGraphEdge.h">
      <Filter>Subjects</Filter>
    </ClInclude>
    <ClInclude Include="CompareGraphSupport.h">
      <Filter>Single</Filter>
    </ClInclude>
    <ClInclude Include="BindableBase.h">
      <Filter>Common</Filter>
    </ClInclude>
    <ClInclude Include="SingleDatatypeSupport.h">
      <Filter>Single</Filter>
    </ClInclude>
    <ClInclude Include="MultiDatatypeCompare.h">
      <Filter>Multi</Filter>
    </ClInclude>
    <ClInclude Include="MultiDatatypeSupport.h">
      <Filter>Multi</Filter>
    </ClInclude>
    <ClInclude Include="CompareGraphViewModels.h">
      <Filter>Single</Filter>
    </ClInclude>
    <ClInclude Include="MultiGraphViewModels.h">
      <Filter>Multi</Filter>
    </ClInclude>
  </ItemGroup>
</Project>