
Microsoft Visual Studio Solution File, Format Version 12.00
# Visual Studio 2012
Project("{8BC9CEB8-8B4A-11D0-8D11-00A0C91BC942}") = "BrainGraph.ComputeRT", "BrainGraph.ComputeRT\BrainGraph.ComputeRT.vcxproj", "{6756AAF2-DF88-4FE3-A833-736EE3861AFD}"
EndProject
Project("{FAE04EC0-301F-11D3-BF4B-00C04F79EFBC}") = "BrainGraph.WinStore", "BrainGraph.WinStore\BrainGraph.WinStore.csproj", "{60C99C58-6D72-4378-BDCA-52C8DA4B4E63}"
EndProject
Project("{2150E333-8FDC-42A3-9474-1A3956D46DE8}") = "Solution Items", "Solution Items", "{1E3BC78C-3A94-44B1-AD83-580D44B822CE}"
EndProject
Project("{8BC9CEB8-8B4A-11D0-8D11-00A0C91BC942}") = "BrainGraph.ComputeRT.Test", "BrainGraph.ComputeRT.Test\BrainGraph.ComputeRT.Test.vcxproj", "{D0126F37-4001-4F3F-851C-5E3534525407}"
EndProject
Global
	GlobalSection(SolutionConfigurationPlatforms) = preSolution
		Debug|Any CPU = Debug|Any CPU
		Debug|ARM = Debug|ARM
		Debug|Mixed Platforms = Debug|Mixed Platforms
		Debug|Win32 = Debug|Win32
		Debug|x64 = Debug|x64
		Debug|x86 = Debug|x86
		Release|Any CPU = Release|Any CPU
		Release|ARM = Release|ARM
		Release|Mixed Platforms = Release|Mixed Platforms
		Release|Win32 = Release|Win32
		Release|x64 = Release|x64
		Release|x86 = Release|x86
	EndGlobalSection
	GlobalSection(ProjectConfigurationPlatforms) = postSolution
		{6756AAF2-DF88-4FE3-A833-736EE3861AFD}.Debug|Any CPU.ActiveCfg = Debug|Win32
		{6756AAF2-DF88-4FE3-A833-736EE3861AFD}.Debug|ARM.ActiveCfg = Debug|ARM
		{6756AAF2-DF88-4FE3-A833-736EE3861AFD}.Debug|ARM.Build.0 = Debug|ARM
		{6756AAF2-DF88-4FE3-A833-736EE3861AFD}.Debug|Mixed Platforms.ActiveCfg = Debug|Win32
		{6756AAF2-DF88-4FE3-A833-736EE3861AFD}.Debug|Mixed Platforms.Build.0 = Debug|Win32
		{6756AAF2-DF88-4FE3-A833-736EE3861AFD}.Debug|Win32.ActiveCfg = Debug|Win32
		{6756AAF2-DF88-4FE3-A833-736EE3861AFD}.Debug|Win32.Build.0 = Debug|Win32
		{6756AAF2-DF88-4FE3-A833-736EE3861AFD}.Debug|x64.ActiveCfg = Debug|x64
		{6756AAF2-DF88-4FE3-A833-736EE3861AFD}.Debug|x64.Build.0 = Debug|x64
		{6756AAF2-DF88-4FE3-A833-736EE3861AFD}.Debug|x86.ActiveCfg = Debug|Win32
		{6756AAF2-DF88-4FE3-A833-736EE3861AFD}.Debug|x86.Build.0 = Debug|Win32
		{6756AAF2-DF88-4FE3-A833-736EE3861AFD}.Release|Any CPU.ActiveCfg = Release|Win32
		{6756AAF2-DF88-4FE3-A833-736EE3861AFD}.Release|ARM.ActiveCfg = Release|ARM
		{6756AAF2-DF88-4FE3-A833-736EE3861AFD}.Release|ARM.Build.0 = Release|ARM
		{6756AAF2-DF88-4FE3-A833-736EE3861AFD}.Release|Mixed Platforms.ActiveCfg = Release|Win32
		{6756AAF2-DF88-4FE3-A833-736EE3861AFD}.Release|Mixed Platforms.Build.0 = Release|Win32
		{6756AAF2-DF88-4FE3-A833-736EE3861AFD}.Release|Win32.ActiveCfg = Release|Win32
		{6756AAF2-DF88-4FE3-A833-736EE3861AFD}.Release|Win32.Build.0 = Release|Win32
		{6756AAF2-DF88-4FE3-A833-736EE3861AFD}.Release|x64.ActiveCfg = Release|x64
		{6756AAF2-DF88-4FE3-A833-736EE3861AFD}.Release|x64.Build.0 = Release|x64
		{6756AAF2-DF88-4FE3-A833-736EE3861AFD}.Release|x86.ActiveCfg = Release|Win32
		{6756AAF2-DF88-4FE3-A833-736EE3861AFD}.Release|x86.Build.0 = Release|Win32
		{60C99C58-6D72-4378-BDCA-52C8DA4B4E63}.Debug|Any CPU.ActiveCfg = Debug|Any CPU
		{60C99C58-6D72-4378-BDCA-52C8DA4B4E63}.Debug|Any CPU.Build.0 = Debug|Any CPU
		{60C99C58-6D72-4378-BDCA-52C8DA4B4E63}.Debug|Any CPU.Deploy.0 = Debug|Any CPU
		{60C99C58-6D72-4378-BDCA-52C8DA4B4E63}.Debug|ARM.ActiveCfg = Debug|ARM
		{60C99C58-6D72-4378-BDCA-52C8DA4B4E63}.Debug|ARM.Build.0 = Debug|ARM
		{60C99C58-6D72-4378-BDCA-52C8DA4B4E63}.Debug|ARM.Deploy.0 = Debug|ARM
		{60C99C58-6D72-4378-BDCA-52C8DA4B4E63}.Debug|Mixed Platforms.ActiveCfg = Debug|x86
		{60C99C58-6D72-4378-BDCA-52C8DA4B4E63}.Debug|Mixed Platforms.Build.0 = Debug|x86
		{60C99C58-6D72-4378-BDCA-52C8DA4B4E63}.Debug|Mixed Platforms.Deploy.0 = Debug|x86
		{60C99C58-6D72-4378-BDCA-52C8DA4B4E63}.Debug|Win32.ActiveCfg = Debug|x86
		{60C99C58-6D72-4378-BDCA-52C8DA4B4E63}.Debug|Win32.Build.0 = Debug|x86
		{60C99C58-6D72-4378-BDCA-52C8DA4B4E63}.Debug|Win32.Deploy.0 = Debug|x86
		{60C99C58-6D72-4378-BDCA-52C8DA4B4E63}.Debug|x64.ActiveCfg = Debug|x64
		{60C99C58-6D72-4378-BDCA-52C8DA4B4E63}.Debug|x64.Build.0 = Debug|x64
		{60C99C58-6D72-4378-BDCA-52C8DA4B4E63}.Debug|x64.Deploy.0 = Debug|x64
		{60C99C58-6D72-4378-BDCA-52C8DA4B4E63}.Debug|x86.ActiveCfg = Debug|x86
		{60C99C58-6D72-4378-BDCA-52C8DA4B4E63}.Debug|x86.Build.0 = Debug|x86
		{60C99C58-6D72-4378-BDCA-52C8DA4B4E63}.Debug|x86.Deploy.0 = Debug|x86
		{60C99C58-6D72-4378-BDCA-52C8DA4B4E63}.Release|Any CPU.ActiveCfg = Release|Any CPU
		{60C99C58-6D72-4378-BDCA-52C8DA4B4E63}.Release|Any CPU.Build.0 = Release|Any CPU
		{60C99C58-6D72-4378-BDCA-52C8DA4B4E63}.Release|Any CPU.Deploy.0 = Release|Any CPU
		{60C99C58-6D72-4378-BDCA-52C8DA4B4E63}.Release|ARM.ActiveCfg = Release|ARM
		{60C99C58-6D72-4378-BDCA-52C8DA4B4E63}.Release|ARM.Build.0 = Release|ARM
		{60C99C58-6D72-4378-BDCA-52C8DA4B4E63}.Release|ARM.Deploy.0 = Release|ARM
		{60C99C58-6D72-4378-BDCA-52C8DA4B4E63}.Release|Mixed Platforms.ActiveCfg = Release|x86
		{60C99C58-6D72-4378-BDCA-52C8DA4B4E63}.Release|Mixed Platforms.Build.0 = Release|x86
		{60C99C58-6D72-4378-BDCA-52C8DA4B4E63}.Release|Mixed Platforms.Deploy.0 = Release|x86
		{60C99C58-6D72-4378-BDCA-52C8DA4B4E63}.Release|Win32.ActiveCfg = Release|x86
		{60C99C58-6D72-4378-BDCA-52C8DA4B4E63}.Release|Win32.Build.0 = Release|x86
		{60C99C58-6D72-4378-BDCA-52C8DA4B4E63}.Release|Win32.Deploy.0 = Release|x86
		{60C99C58-6D72-4378-BDCA-52C8DA4B4E63}.Release|x64.ActiveCfg = Release|x64
		{60C99C58-6D72-4378-BDCA-52C8DA4B4E63}.Release|x64.Build.0 = Release|x64
		{60C99C58-6D72-4378-BDCA-52C8DA4B4E63}.Release|x64.Deploy.0 = Release|x64
		{60C99C58-6D72-4378-BDCA-52C8DA4B4E63}.Release|x86.ActiveCfg = Release|x86
		{60C99C58-6D72-4378-BDCA-52C8DA4B4E63}.Release|x86.Build.0 = Release|x86
		{60C99C58-6D72-4378-BDCA-52C8DA4B4E63}.Release|x86.Deploy.0 = Release|x86
		{D0126F37-4001-4F3F-851C-5E3534525407}.Debug|Any CPU.ActiveCfg = Debug|Win32
		{D0126F37-4001-4F3F-851C-5E3534525407}.Debug|ARM.ActiveCfg = Debug|ARM
		{D0126F37-4001-4F3F-851C-5E3534525407}.Debug|ARM.Build.0 = Debug|ARM
		{D0126F37-4001-4F3F-851C-5E3534525407}.Debug|ARM.Deploy.0 = Debug|ARM
		{D0126F37-4001-4F3F-851C-5E3534525407}.Debug|Mixed Platforms.ActiveCfg = Debug|Win32
		{D0126F37-4001-4F3F-851C-5E3534525407}.Debug|Mixed Platforms.Build.0 = Debug|Win32
		{D0126F37-4001-4F3F-851C-5E3534525407}.Debug|Mixed Platforms.Deploy.0 = Debug|Win32
		{D0126F37-4001-4F3F-851C-5E3534525407}.Debug|Win32.ActiveCfg = Debug|Win32
		{D0126F37-4001-4F3F-851C-5E3534525407}.Debug|Win32.Build.0 = Debug|Win32
		{D0126F37-4001-4F3F-851C-5E3534525407}.Debug|Win32.Deploy.0 = Debug|Win32
		{D0126F37-4001-4F3F-851C-5E3534525407}.Debug|x64.ActiveCfg = Debug|x64
		{D0126F37-4001-4F3F-851C-5E3534525407}.Debug|x64.Build.0 = Debug|x64
		{D0126F37-4001-4F3F-851C-5E3534525407}.Debug|x64.Deploy.0 = Debug|x64
		{D0126F37-4001-4F3F-851C-5E3534525407}.Debug|x86.ActiveCfg = Debug|Win32
		{D0126F37-4001-4F3F-851C-5E3534525407}.Debug|x86.Build.0 = Debug|Win32
		{D0126F37-4001-4F3F-851C-5E3534525407}.Debug|x86.Deploy.0 = Debug|Win32
		{D0126F37-4001-4F3F-851C-5E3534525407}.Release|Any CPU.ActiveCfg = Release|Win32
		{D0126F37-4001-4F3F-851C-5E3534525407}.Release|ARM.ActiveCfg = Release|ARM
		{D0126F37-4001-4F3F-851C-5E3534525407}.Release|ARM.Build.0 = Release|ARM
		{D0126F37-4001-4F3F-851C-5E3534525407}.Release|ARM.Deploy.0 = Release|ARM
		{D0126F37-4001-4F3F-851C-5E3534525407}.Release|Mixed Platforms.ActiveCfg = Release|Win32
		{D0126F37-4001-4F3F-851C-5E3534525407}.Release|Mixed Platforms.Build.0 = Release|Win32
		{D0126F37-4001-4F3F-851C-5E3534525407}.Release|Mixed Platforms.Deploy.0 = Release|Win32
		{D0126F37-4001-4F3F-851C-5E3534525407}.Release|Win32.ActiveCfg = Release|Win32
		{D0126F37-4001-4F3F-851C-5E3534525407}.Release|Win32.Build.0 = Release|Win32
		{D0126F37-4001-4F3F-851C-5E3534525407}.Release|Win32.Deploy.0 = Release|Win32
		{D0126F37-4001-4F3F-851C-5E3534525407}.Release|x64.ActiveCfg = Release|x64
		{D0126F37-4001-4F3F-851C-5E3534525407}.Release|x64.Build.0 = Release|x64
		{D0126F37-4001-4F3F-851C-5E3534525407}.Release|x64.Deploy.0 = Release|x64
		{D0126F37-4001-4F3F-851C-5E3534525407}.Release|x86.ActiveCfg = Release|Win32
		{D0126F37-4001-4F3F-851C-5E3534525407}.Release|x86.Build.0 = Release|Win32
		{D0126F37-4001-4F3F-851C-5E3534525407}.Release|x86.Deploy.0 = Release|Win32
	EndGlobalSection
	GlobalSection(SolutionProperties) = preSolution
		HideSolutionNode = FALSE
	EndGlobalSection
EndGlobal
